// !$*UTF8*$!
{
	archiveVersion = 1;
	classes = {
	};
	objectVersion = 50;
	objects = {

/* Begin PBXBuildFile section */
		253E05A422715F7400C1175F /* AppDelegate.swift in Sources */ = {isa = PBXBuildFile; fileRef = 253E05A322715F7400C1175F /* AppDelegate.swift */; };
		253E05A622715F7400C1175F /* ViewController.swift in Sources */ = {isa = PBXBuildFile; fileRef = 253E05A522715F7400C1175F /* ViewController.swift */; };
		253E05A922715F7400C1175F /* Main.storyboard in Resources */ = {isa = PBXBuildFile; fileRef = 253E05A722715F7400C1175F /* Main.storyboard */; };
		253E05AB22715F7700C1175F /* Assets.xcassets in Resources */ = {isa = PBXBuildFile; fileRef = 253E05AA22715F7700C1175F /* Assets.xcassets */; };
		253E05AE22715F7700C1175F /* LaunchScreen.storyboard in Resources */ = {isa = PBXBuildFile; fileRef = 253E05AC22715F7700C1175F /* LaunchScreen.storyboard */; };
		253E05B922715F7700C1175F /* Pomodoro_AppTests.swift in Sources */ = {isa = PBXBuildFile; fileRef = 253E05B822715F7700C1175F /* Pomodoro_AppTests.swift */; };
		253E05C422715F7700C1175F /* Pomodoro_AppUITests.swift in Sources */ = {isa = PBXBuildFile; fileRef = 253E05C322715F7700C1175F /* Pomodoro_AppUITests.swift */; };
/* End PBXBuildFile section */

/* Begin PBXContainerItemProxy section */
		253E05B522715F7700C1175F /* PBXContainerItemProxy */ = {
			isa = PBXContainerItemProxy;
			containerPortal = 253E059822715F7400C1175F /* Project object */;
			proxyType = 1;
			remoteGlobalIDString = 253E059F22715F7400C1175F;
			remoteInfo = "Pomodoro App";
		};
		253E05C022715F7700C1175F /* PBXContainerItemProxy */ = {
			isa = PBXContainerItemProxy;
			containerPortal = 253E059822715F7400C1175F /* Project object */;
			proxyType = 1;
			remoteGlobalIDString = 253E059F22715F7400C1175F;
			remoteInfo = "Pomodoro App";
		};
/* End PBXContainerItemProxy section */

/* Begin PBXFileReference section */
		253E05A022715F7400C1175F /* Pomodoro App.app */ = {isa = PBXFileReference; explicitFileType = wrapper.application; includeInIndex = 0; path = "Pomodoro App.app"; sourceTree = BUILT_PRODUCTS_DIR; };
		253E05A322715F7400C1175F /* AppDelegate.swift */ = {isa = PBXFileReference; lastKnownFileType = sourcecode.swift; path = AppDelegate.swift; sourceTree = "<group>"; };
		253E05A522715F7400C1175F /* ViewController.swift */ = {isa = PBXFileReference; lastKnownFileType = sourcecode.swift; path = ViewController.swift; sourceTree = "<group>"; };
		253E05A822715F7400C1175F /* Base */ = {isa = PBXFileReference; lastKnownFileType = file.storyboard; name = Base; path = Base.lproj/Main.storyboard; sourceTree = "<group>"; };
		253E05AA22715F7700C1175F /* Assets.xcassets */ = {isa = PBXFileReference; lastKnownFileType = folder.assetcatalog; path = Assets.xcassets; sourceTree = "<group>"; };
		253E05AD22715F7700C1175F /* Base */ = {isa = PBXFileReference; lastKnownFileType = file.storyboard; name = Base; path = Base.lproj/LaunchScreen.storyboard; sourceTree = "<group>"; };
		253E05AF22715F7700C1175F /* Info.plist */ = {isa = PBXFileReference; lastKnownFileType = text.plist.xml; path = Info.plist; sourceTree = "<group>"; };
		253E05B422715F7700C1175F /* Pomodoro AppTests.xctest */ = {isa = PBXFileReference; explicitFileType = wrapper.cfbundle; includeInIndex = 0; path = "Pomodoro AppTests.xctest"; sourceTree = BUILT_PRODUCTS_DIR; };
		253E05B822715F7700C1175F /* Pomodoro_AppTests.swift */ = {isa = PBXFileReference; lastKnownFileType = sourcecode.swift; path = Pomodoro_AppTests.swift; sourceTree = "<group>"; };
		253E05BA22715F7700C1175F /* Info.plist */ = {isa = PBXFileReference; lastKnownFileType = text.plist.xml; path = Info.plist; sourceTree = "<group>"; };
		253E05BF22715F7700C1175F /* Pomodoro AppUITests.xctest */ = {isa = PBXFileReference; explicitFileType = wrapper.cfbundle; includeInIndex = 0; path = "Pomodoro AppUITests.xctest"; sourceTree = BUILT_PRODUCTS_DIR; };
		253E05C322715F7700C1175F /* Pomodoro_AppUITests.swift */ = {isa = PBXFileReference; lastKnownFileType = sourcecode.swift; path = Pomodoro_AppUITests.swift; sourceTree = "<group>"; };
		253E05C522715F7700C1175F /* Info.plist */ = {isa = PBXFileReference; lastKnownFileType = text.plist.xml; path = Info.plist; sourceTree = "<group>"; };
/* End PBXFileReference section */

/* Begin PBXFrameworksBuildPhase section */
		253E059D22715F7400C1175F /* Frameworks */ = {
			isa = PBXFrameworksBuildPhase;
			buildActionMask = 2147483647;
			files = (
			);
			runOnlyForDeploymentPostprocessing = 0;
		};
		253E05B122715F7700C1175F /* Frameworks */ = {
			isa = PBXFrameworksBuildPhase;
			buildActionMask = 2147483647;
			files = (
			);
			runOnlyForDeploymentPostprocessing = 0;
		};
		253E05BC22715F7700C1175F /* Frameworks */ = {
			isa = PBXFrameworksBuildPhase;
			buildActionMask = 2147483647;
			files = (
			);
			runOnlyForDeploymentPostprocessing = 0;
		};
/* End PBXFrameworksBuildPhase section */

/* Begin PBXGroup section */
		253E059722715F7400C1175F = {
			isa = PBXGroup;
			children = (
				253E05A222715F7400C1175F /* Pomodoro App */,
				253E05B722715F7700C1175F /* Pomodoro AppTests */,
				253E05C222715F7700C1175F /* Pomodoro AppUITests */,
				253E05A122715F7400C1175F /* Products */,
			);
			sourceTree = "<group>";
		};
		253E05A122715F7400C1175F /* Products */ = {
			isa = PBXGroup;
			children = (
				253E05A022715F7400C1175F /* Pomodoro App.app */,
				253E05B422715F7700C1175F /* Pomodoro AppTests.xctest */,
				253E05BF22715F7700C1175F /* Pomodoro AppUITests.xctest */,
			);
			name = Products;
			sourceTree = "<group>";
		};
		253E05A222715F7400C1175F /* Pomodoro App */ = {
			isa = PBXGroup;
			children = (
				253E05A322715F7400C1175F /* AppDelegate.swift */,
				253E05A522715F7400C1175F /* ViewController.swift */,
				253E05A722715F7400C1175F /* Main.storyboard */,
				253E05AA22715F7700C1175F /* Assets.xcassets */,
				253E05AC22715F7700C1175F /* LaunchScreen.storyboard */,
				253E05AF22715F7700C1175F /* Info.plist */,
			);
			path = "Pomodoro App";
			sourceTree = "<group>";
		};
		253E05B722715F7700C1175F /* Pomodoro AppTests */ = {
			isa = PBXGroup;
			children = (
				253E05B822715F7700C1175F /* Pomodoro_AppTests.swift */,
				253E05BA22715F7700C1175F /* Info.plist */,
			);
			path = "Pomodoro AppTests";
			sourceTree = "<group>";
		};
		253E05C222715F7700C1175F /* Pomodoro AppUITests */ = {
			isa = PBXGroup;
			children = (
				253E05C322715F7700C1175F /* Pomodoro_AppUITests.swift */,
				253E05C522715F7700C1175F /* Info.plist */,
			);
			path = "Pomodoro AppUITests";
			sourceTree = "<group>";
		};
/* End PBXGroup section */

/* Begin PBXNativeTarget section */
		253E059F22715F7400C1175F /* Pomodoro App */ = {
			isa = PBXNativeTarget;
			buildConfigurationList = 253E05C822715F7700C1175F /* Build configuration list for PBXNativeTarget "Pomodoro App" */;
			buildPhases = (
				253E059C22715F7400C1175F /* Sources */,
				253E059D22715F7400C1175F /* Frameworks */,
				253E059E22715F7400C1175F /* Resources */,
			);
			buildRules = (
			);
			dependencies = (
			);
			name = "Pomodoro App";
			productName = "Pomodoro App";
			productReference = 253E05A022715F7400C1175F /* Pomodoro App.app */;
			productType = "com.apple.product-type.application";
		};
		253E05B322715F7700C1175F /* Pomodoro AppTests */ = {
			isa = PBXNativeTarget;
			buildConfigurationList = 253E05CB22715F7700C1175F /* Build configuration list for PBXNativeTarget "Pomodoro AppTests" */;
			buildPhases = (
				253E05B022715F7700C1175F /* Sources */,
				253E05B122715F7700C1175F /* Frameworks */,
				253E05B222715F7700C1175F /* Resources */,
			);
			buildRules = (
			);
			dependencies = (
				253E05B622715F7700C1175F /* PBXTargetDependency */,
			);
			name = "Pomodoro AppTests";
			productName = "Pomodoro AppTests";
			productReference = 253E05B422715F7700C1175F /* Pomodoro AppTests.xctest */;
			productType = "com.apple.product-type.bundle.unit-test";
		};
		253E05BE22715F7700C1175F /* Pomodoro AppUITests */ = {
			isa = PBXNativeTarget;
			buildConfigurationList = 253E05CE22715F7700C1175F /* Build configuration list for PBXNativeTarget "Pomodoro AppUITests" */;
			buildPhases = (
				253E05BB22715F7700C1175F /* Sources */,
				253E05BC22715F7700C1175F /* Frameworks */,
				253E05BD22715F7700C1175F /* Resources */,
			);
			buildRules = (
			);
			dependencies = (
				253E05C122715F7700C1175F /* PBXTargetDependency */,
			);
			name = "Pomodoro AppUITests";
			productName = "Pomodoro AppUITests";
			productReference = 253E05BF22715F7700C1175F /* Pomodoro AppUITests.xctest */;
			productType = "com.apple.product-type.bundle.ui-testing";
		};
/* End PBXNativeTarget section */

/* Begin PBXProject section */
		253E059822715F7400C1175F /* Project object */ = {
			isa = PBXProject;
			attributes = {
				LastSwiftUpdateCheck = 1000;
				LastUpgradeCheck = 1000;
				ORGANIZATIONNAME = "Xavier Duncan";
				TargetAttributes = {
					253E059F22715F7400C1175F = {
						CreatedOnToolsVersion = 10.0;
					};
					253E05B322715F7700C1175F = {
						CreatedOnToolsVersion = 10.0;
						TestTargetID = 253E059F22715F7400C1175F;
					};
					253E05BE22715F7700C1175F = {
						CreatedOnToolsVersion = 10.0;
						TestTargetID = 253E059F22715F7400C1175F;
					};
				};
			};
			buildConfigurationList = 253E059B22715F7400C1175F /* Build configuration list for PBXProject "Pomodoro App" */;
			compatibilityVersion = "Xcode 9.3";
			developmentRegion = en;
			hasScannedForEncodings = 0;
			knownRegions = (
				en,
				Base,
			);
			mainGroup = 253E059722715F7400C1175F;
			productRefGroup = 253E05A122715F7400C1175F /* Products */;
			projectDirPath = "";
			projectRoot = "";
			targets = (
				253E059F22715F7400C1175F /* Pomodoro App */,
				253E05B322715F7700C1175F /* Pomodoro AppTests */,
				253E05BE22715F7700C1175F /* Pomodoro AppUITests */,
			);
		};
/* End PBXProject section */

/* Begin PBXResourcesBuildPhase section */
		253E059E22715F7400C1175F /* Resources */ = {
			isa = PBXResourcesBuildPhase;
			buildActionMask = 2147483647;
			files = (
				253E05AE22715F7700C1175F /* LaunchScreen.storyboard in Resources */,
				253E05AB22715F7700C1175F /* Assets.xcassets in Resources */,
				253E05A922715F7400C1175F /* Main.storyboard in Resources */,
			);
			runOnlyForDeploymentPostprocessing = 0;
		};
		253E05B222715F7700C1175F /* Resources */ = {
			isa = PBXResourcesBuildPhase;
			buildActionMask = 2147483647;
			files = (
			);
			runOnlyForDeploymentPostprocessing = 0;
		};
		253E05BD22715F7700C1175F /* Resources */ = {
			isa = PBXResourcesBuildPhase;
			buildActionMask = 2147483647;
			files = (
			);
			runOnlyForDeploymentPostprocessing = 0;
		};
/* End PBXResourcesBuildPhase section */

/* Begin PBXSourcesBuildPhase section */
		253E059C22715F7400C1175F /* Sources */ = {
			isa = PBXSourcesBuildPhase;
			buildActionMask = 2147483647;
			files = (
				253E05A622715F7400C1175F /* ViewController.swift in Sources */,
				253E05A422715F7400C1175F /* AppDelegate.swift in Sources */,
			);
			runOnlyForDeploymentPostprocessing = 0;
		};
		253E05B022715F7700C1175F /* Sources */ = {
			isa = PBXSourcesBuildPhase;
			buildActionMask = 2147483647;
			files = (
				253E05B922715F7700C1175F /* Pomodoro_AppTests.swift in Sources */,
			);
			runOnlyForDeploymentPostprocessing = 0;
		};
		253E05BB22715F7700C1175F /* Sources */ = {
			isa = PBXSourcesBuildPhase;
			buildActionMask = 2147483647;
			files = (
				253E05C422715F7700C1175F /* Pomodoro_AppUITests.swift in Sources */,
			);
			runOnlyForDeploymentPostprocessing = 0;
		};
/* End PBXSourcesBuildPhase section */

/* Begin PBXTargetDependency section */
		253E05B622715F7700C1175F /* PBXTargetDependency */ = {
			isa = PBXTargetDependency;
			target = 253E059F22715F7400C1175F /* Pomodoro App */;
			targetProxy = 253E05B522715F7700C1175F /* PBXContainerItemProxy */;
		};
		253E05C122715F7700C1175F /* PBXTargetDependency */ = {
			isa = PBXTargetDependency;
			target = 253E059F22715F7400C1175F /* Pomodoro App */;
			targetProxy = 253E05C022715F7700C1175F /* PBXContainerItemProxy */;
		};
/* End PBXTargetDependency section */

/* Begin PBXVariantGroup section */
		253E05A722715F7400C1175F /* Main.storyboard */ = {
			isa = PBXVariantGroup;
			children = (
				253E05A822715F7400C1175F /* Base */,
			);
			name = Main.storyboard;
			sourceTree = "<group>";
		};
		253E05AC22715F7700C1175F /* LaunchScreen.storyboard */ = {
			isa = PBXVariantGroup;
			children = (
				253E05AD22715F7700C1175F /* Base */,
			);
			name = LaunchScreen.storyboard;
			sourceTree = "<group>";
		};
/* End PBXVariantGroup section */

/* Begin XCBuildConfiguration section */
		253E05C622715F7700C1175F /* Debug */ = {
			isa = XCBuildConfiguration;
			buildSettings = {
				ALWAYS_SEARCH_USER_PATHS = NO;
				CLANG_ANALYZER_NONNULL = YES;
				CLANG_ANALYZER_NUMBER_OBJECT_CONVERSION = YES_AGGRESSIVE;
				CLANG_CXX_LANGUAGE_STANDARD = "gnu++14";
				CLANG_CXX_LIBRARY = "libc++";
				CLANG_ENABLE_MODULES = YES;
				CLANG_ENABLE_OBJC_ARC = YES;
				CLANG_ENABLE_OBJC_WEAK = YES;
				CLANG_WARN_BLOCK_CAPTURE_AUTORELEASING = YES;
				CLANG_WARN_BOOL_CONVERSION = YES;
				CLANG_WARN_COMMA = YES;
				CLANG_WARN_CONSTANT_CONVERSION = YES;
				CLANG_WARN_DEPRECATED_OBJC_IMPLEMENTATIONS = YES;
				CLANG_WARN_DIRECT_OBJC_ISA_USAGE = YES_ERROR;
				CLANG_WARN_DOCUMENTATION_COMMENTS = YES;
				CLANG_WARN_EMPTY_BODY = YES;
				CLANG_WARN_ENUM_CONVERSION = YES;
				CLANG_WARN_INFINITE_RECURSION = YES;
				CLANG_WARN_INT_CONVERSION = YES;
				CLANG_WARN_NON_LITERAL_NULL_CONVERSION = YES;
				CLANG_WARN_OBJC_IMPLICIT_RETAIN_SELF = YES;
				CLANG_WARN_OBJC_LITERAL_CONVERSION = YES;
				CLANG_WARN_OBJC_ROOT_CLASS = YES_ERROR;
				CLANG_WARN_RANGE_LOOP_ANALYSIS = YES;
				CLANG_WARN_STRICT_PROTOTYPES = YES;
				CLANG_WARN_SUSPICIOUS_MOVE = YES;
				CLANG_WARN_UNGUARDED_AVAILABILITY = YES_AGGRESSIVE;
				CLANG_WARN_UNREACHABLE_CODE = YES;
				CLANG_WARN__DUPLICATE_METHOD_MATCH = YES;
				CODE_SIGN_IDENTITY = "iPhone Developer";
				COPY_PHASE_STRIP = NO;
				DEBUG_INFORMATION_FORMAT = dwarf;
				ENABLE_STRICT_OBJC_MSGSEND = YES;
				ENABLE_TESTABILITY = YES;
				GCC_C_LANGUAGE_STANDARD = gnu11;
				GCC_DYNAMIC_NO_PIC = NO;
				GCC_NO_COMMON_BLOCKS = YES;
				GCC_OPTIMIZATION_LEVEL = 0;
				GCC_PREPROCESSOR_DEFINITIONS = (
					"DEBUG=1",
					"$(inherited)",
				);
				GCC_WARN_64_TO_32_BIT_CONVERSION = YES;
				GCC_WARN_ABOUT_RETURN_TYPE = YES_ERROR;
				GCC_WARN_UNDECLARED_SELECTOR = YES;
				GCC_WARN_UNINITIALIZED_AUTOS = YES_AGGRESSIVE;
				GCC_WARN_UNUSED_FUNCTION = YES;
				GCC_WARN_UNUSED_VARIABLE = YES;
				IPHONEOS_DEPLOYMENT_TARGET = 12.0;
				MTL_ENABLE_DEBUG_INFO = INCLUDE_SOURCE;
				MTL_FAST_MATH = YES;
				ONLY_ACTIVE_ARCH = YES;
				SDKROOT = iphoneos;
				SWIFT_ACTIVE_COMPILATION_CONDITIONS = DEBUG;
				SWIFT_OPTIMIZATION_LEVEL = "-Onone";
			};
			name = Debug;
		};
		253E05C722715F7700C1175F /* Release */ = {
			isa = XCBuildConfiguration;
			buildSettings = {
				ALWAYS_SEARCH_USER_PATHS = NO;
				CLANG_ANALYZER_NONNULL = YES;
				CLANG_ANALYZER_NUMBER_OBJECT_CONVERSION = YES_AGGRESSIVE;
				CLANG_CXX_LANGUAGE_STANDARD = "gnu++14";
				CLANG_CXX_LIBRARY = "libc++";
				CLANG_ENABLE_MODULES = YES;
				CLANG_ENABLE_OBJC_ARC = YES;
				CLANG_ENABLE_OBJC_WEAK = YES;
				CLANG_WARN_BLOCK_CAPTURE_AUTORELEASING = YES;
				CLANG_WARN_BOOL_CONVERSION = YES;
				CLANG_WARN_COMMA = YES;
				CLANG_WARN_CONSTANT_CONVERSION = YES;
				CLANG_WARN_DEPRECATED_OBJC_IMPLEMENTATIONS = YES;
				CLANG_WARN_DIRECT_OBJC_ISA_USAGE = YES_ERROR;
				CLANG_WARN_DOCUMENTATION_COMMENTS = YES;
				CLANG_WARN_EMPTY_BODY = YES;
				CLANG_WARN_ENUM_CONVERSION = YES;
				CLANG_WARN_INFINITE_RECURSION = YES;
				CLANG_WARN_INT_CONVERSION = YES;
				CLANG_WARN_NON_LITERAL_NULL_CONVERSION = YES;
				CLANG_WARN_OBJC_IMPLICIT_RETAIN_SELF = YES;
				CLANG_WARN_OBJC_LITERAL_CONVERSION = YES;
				CLANG_WARN_OBJC_ROOT_CLASS = YES_ERROR;
				CLANG_WARN_RANGE_LOOP_ANALYSIS = YES;
				CLANG_WARN_STRICT_PROTOTYPES = YES;
				CLANG_WARN_SUSPICIOUS_MOVE = YES;
				CLANG_WARN_UNGUARDED_AVAILABILITY = YES_AGGRESSIVE;
				CLANG_WARN_UNREACHABLE_CODE = YES;
				CLANG_WARN__DUPLICATE_METHOD_MATCH = YES;
				CODE_SIGN_IDENTITY = "iPhone Developer";
				COPY_PHASE_STRIP = NO;
				DEBUG_INFORMATION_FORMAT = "dwarf-with-dsym";
				ENABLE_NS_ASSERTIONS = NO;
				ENABLE_STRICT_OBJC_MSGSEND = YES;
				GCC_C_LANGUAGE_STANDARD = gnu11;
				GCC_NO_COMMON_BLOCKS = YES;
				GCC_WARN_64_TO_32_BIT_CONVERSION = YES;
				GCC_WARN_ABOUT_RETURN_TYPE = YES_ERROR;
				GCC_WARN_UNDECLARED_SELECTOR = YES;
				GCC_WARN_UNINITIALIZED_AUTOS = YES_AGGRESSIVE;
				GCC_WARN_UNUSED_FUNCTION = YES;
				GCC_WARN_UNUSED_VARIABLE = YES;
				IPHONEOS_DEPLOYMENT_TARGET = 12.0;
				MTL_ENABLE_DEBUG_INFO = NO;
				MTL_FAST_MATH = YES;
				SDKROOT = iphoneos;
				SWIFT_COMPILATION_MODE = wholemodule;
				SWIFT_OPTIMIZATION_LEVEL = "-O";
				VALIDATE_PRODUCT = YES;
			};
			name = Release;
		};
		253E05C922715F7700C1175F /* Debug */ = {
			isa = XCBuildConfiguration;
			buildSettings = {
				ASSETCATALOG_COMPILER_APPICON_NAME = AppIcon;
				CODE_SIGN_STYLE = Automatic;
				INFOPLIST_FILE = "Pomodoro App/Info.plist";
				LD_RUNPATH_SEARCH_PATHS = (
					"$(inherited)",
					"@executable_path/Frameworks",
				);
				PRODUCT_BUNDLE_IDENTIFIER = "CooperativeVision--LLC.Pomodoro-App";
				PRODUCT_NAME = "$(TARGET_NAME)";
				SWIFT_VERSION = 4.2;
				TARGETED_DEVICE_FAMILY = "1,2";
			};
			name = Debug;
		};
		253E05CA22715F7700C1175F /* Release */ = {
			isa = XCBuildConfiguration;
			buildSettings = {
				ASSETCATALOG_COMPILER_APPICON_NAME = AppIcon;
				CODE_SIGN_STYLE = Automatic;
				INFOPLIST_FILE = "Pomodoro App/Info.plist";
				LD_RUNPATH_SEARCH_PATHS = (
					"$(inherited)",
					"@executable_path/Frameworks",
				);
				PRODUCT_BUNDLE_IDENTIFIER = "CooperativeVision--LLC.Pomodoro-App";
				PRODUCT_NAME = "$(TARGET_NAME)";
				SWIFT_VERSION = 4.2;
				TARGETED_DEVICE_FAMILY = "1,2";
			};
			name = Release;
		};
		253E05CC22715F7700C1175F /* Debug */ = {
			isa = XCBuildConfiguration;
			buildSettings = {
				ALWAYS_EMBED_SWIFT_STANDARD_LIBRARIES = YES;
				BUNDLE_LOADER = "$(TEST_HOST)";
				CODE_SIGN_STYLE = Automatic;
				INFOPLIST_FILE = "Pomodoro AppTests/Info.plist";
				LD_RUNPATH_SEARCH_PATHS = (
					"$(inherited)",
					"@executable_path/Frameworks",
					"@loader_path/Frameworks",
				);
				PRODUCT_BUNDLE_IDENTIFIER = "CooperativeVision--LLC.Pomodoro-AppTests";
				PRODUCT_NAME = "$(TARGET_NAME)";
				SWIFT_VERSION = 4.2;
				TARGETED_DEVICE_FAMILY = "1,2";
				TEST_HOST = "$(BUILT_PRODUCTS_DIR)/Pomodoro App.app/Pomodoro App";
			};
			name = Debug;
		};
		253E05CD22715F7700C1175F /* Release */ = {
			isa = XCBuildConfiguration;
			buildSettings = {
				ALWAYS_EMBED_SWIFT_STANDARD_LIBRARIES = YES;
				BUNDLE_LOADER = "$(TEST_HOST)";
				CODE_SIGN_STYLE = Automatic;
				INFOPLIST_FILE = "Pomodoro AppTests/Info.plist";
				LD_RUNPATH_SEARCH_PATHS = (
					"$(inherited)",
					"@executable_path/Frameworks",
					"@loader_path/Frameworks",
				);
				PRODUCT_BUNDLE_IDENTIFIER = "CooperativeVision--LLC.Pomodoro-AppTests";
				PRODUCT_NAME = "$(TARGET_NAME)";
				SWIFT_VERSION = 4.2;
				TARGETED_DEVICE_FAMILY = "1,2";
				TEST_HOST = "$(BUILT_PRODUCTS_DIR)/Pomodoro App.app/Pomodoro App";
			};
			name = Release;
		};
		253E05CF22715F7700C1175F /* Debug */ = {
			isa = XCBuildConfiguration;
			buildSettings = {
				ALWAYS_EMBED_SWIFT_STANDARD_LIBRARIES = YES;
				CODE_SIGN_STYLE = Automatic;
				INFOPLIST_FILE = "Pomodoro AppUITests/Info.plist";
				LD_RUNPATH_SEARCH_PATHS = (
					"$(inherited)",
					"@executable_path/Frameworks",
					"@loader_path/Frameworks",
				);
				PRODUCT_BUNDLE_IDENTIFIER = "CooperativeVision--LLC.Pomodoro-AppUITests";
				PRODUCT_NAME = "$(TARGET_NAME)";
				SWIFT_VERSION = 4.2;
				TARGETED_DEVICE_FAMILY = "1,2";
				TEST_TARGET_NAME = "Pomodoro App";
			};
			name = Debug;
		};
		253E05D022715F7700C1175F /* Release */ = {
			isa = XCBuildConfiguration;
			buildSettings = {
				ALWAYS_EMBED_SWIFT_STANDARD_LIBRARIES = YES;
				CODE_SIGN_STYLE = Automatic;
				INFOPLIST_FILE = "Pomodoro AppUITests/Info.plist";
				LD_RUNPATH_SEARCH_PATHS = (
					"$(inherited)",
					"@executable_path/Frameworks",
					"@loader_path/Frameworks",
				);
				PRODUCT_BUNDLE_IDENTIFIER = "CooperativeVision--LLC.Pomodoro-AppUITests";
				PRODUCT_NAME = "$(TARGET_NAME)";
				SWIFT_VERSION = 4.2;
				TARGETED_DEVICE_FAMILY = "1,2";
				TEST_TARGET_NAME = "Pomodoro App";
			};
			name = Release;
		};
/* End XCBuildConfiguration section */

/* Begin XCConfigurationList section */
		253E059B22715F7400C1175F /* Build configuration list for PBXProject "Pomodoro App" */ = {
			isa = XCConfigurationList;
			buildConfigurations = (
				253E05C622715F7700C1175F /* Debug */,
				253E05C722715F7700C1175F /* Release */,
			);
			defaultConfigurationIsVisible = 0;
			defaultConfigurationName = Release;
		};
		253E05C822715F7700C1175F /* Build configuration list for PBXNativeTarget "Pomodoro App" */ = {
			isa = XCConfigurationList;
			buildConfigurations = (
				253E05C922715F7700C1175F /* Debug */,
				253E05CA22715F7700C1175F /* Release */,
			);
			defaultConfigurationIsVisible = 0;
			defaultConfigurationName = Release;
		};
		253E05CB22715F7700C1175F /* Build configuration list for PBXNativeTarget "Pomodoro AppTests" */ = {
			isa = XCConfigurationList;
			buildConfigurations = (
				253E05CC22715F7700C1175F /* Debug */,
				253E05CD22715F7700C1175F /* Release */,
			);
			defaultConfigurationIsVisible = 0;
			defaultConfigurationName = Release;
		};
		253E05CE22715F7700C1175F /* Build configuration list for PBXNativeTarget "Pomodoro AppUITests" */ = {
			isa = XCConfigurationList;
			buildConfigurations = (
				253E05CF22715F7700C1175F /* Debug */,
				253E05D022715F7700C1175F /* Release */,
			);
			defaultConfigurationIsVisible = 0;
			defaultConfigurationName = Release;
		};
/* End XCConfigurationList section */
	};
	rootObject = 253E059822715F7400C1175F /* Project object */;
}
